
Microsoft Visual Studio Solution File, Format Version 12.00
# Visual Studio 15
Project("{FAE04EC0-301F-11D3-BF4B-00C04F79EFBC}") = "Assembly-CSharp", "Assembly-CSharp.csproj", "{55CA0F59-23DD-4941-E4AE-E2CCC50920B2}"
EndProject
Project("{FAE04EC0-301F-11D3-BF4B-00C04F79EFBC}") = "AYellowpaper.SerializedCollections", "AYellowpaper.SerializedCollections.csproj", "{2BCB645C-6AD7-026A-6E33-1AD7F7DC6347}"
EndProject
Project("{FAE04EC0-301F-11D3-BF4B-00C04F79EFBC}") = "LunarConsole", "LunarConsole.csproj", "{6A48D013-99D8-7687-D464-32157B5B79B5}"
EndProject
Project("{FAE04EC0-301F-11D3-BF4B-00C04F79EFBC}") = "LunarConsoleEditor", "LunarConsoleEditor.csproj", "{4D1F43B2-7EE3-7FA3-3D51-ADB8F128DAF8}"
EndProject
Project("{FAE04EC0-301F-11D3-BF4B-00C04F79EFBC}") = "Assembly-CSharp-firstpass", "Assembly-CSharp-firstpass.csproj", "{A81573DF-6017-DA75-E9DB-1E39A50795E2}"
EndProject
Project("{FAE04EC0-301F-11D3-BF4B-00C04F79EFBC}") = "AYellowpaper.SerializedCollections.Editor", "AYellowpaper.SerializedCollections.Editor.csproj", "{429A0CC8-4C4F-B8E7-CFFA-D70D38430F25}"
EndProject
Project("{FAE04EC0-301F-11D3-BF4B-00C04F79EFBC}") = "Assembly-CSharp-Editor", "Assembly-CSharp-Editor.csproj", "{9F72C6C1-9726-CEFD-FC0B-25ECBCEF61A6}"
EndProject
Global
	GlobalSection(SolutionConfigurationPlatforms) = preSolution
		Debug|Any CPU = Debug|Any CPU
		Release|Any CPU = Release|Any CPU
	EndGlobalSection
	GlobalSection(ProjectConfigurationPlatforms) = postSolution
		{55CA0F59-23DD-4941-E4AE-E2CCC50920B2}.Debug|Any CPU.ActiveCfg = Debug|Any CPU
		{55CA0F59-23DD-4941-E4AE-E2CCC50920B2}.Debug|Any CPU.Build.0 = Debug|Any CPU
		{55CA0F59-23DD-4941-E4AE-E2CCC50920B2}.Release|Any CPU.ActiveCfg = Release|Any CPU
		{55CA0F59-23DD-4941-E4AE-E2CCC50920B2}.Release|Any CPU.Build.0 = Release|Any CPU
		{2BCB645C-6AD7-026A-6E33-1AD7F7DC6347}.Debug|Any CPU.ActiveCfg = Debug|Any CPU
		{2BCB645C-6AD7-026A-6E33-1AD7F7DC6347}.Debug|Any CPU.Build.0 = Debug|Any CPU
		{2BCB645C-6AD7-026A-6E33-1AD7F7DC6347}.Release|Any CPU.ActiveCfg = Release|Any CPU
		{2BCB645C-6AD7-026A-6E33-1AD7F7DC6347}.Release|Any CPU.Build.0 = Release|Any CPU
		{6A48D013-99D8-7687-D464-32157B5B79B5}.Debug|Any CPU.ActiveCfg = Debug|Any CPU
		{6A48D013-99D8-7687-D464-32157B5B79B5}.Debug|Any CPU.Build.0 = Debug|Any CPU
		{6A48D013-99D8-7687-D464-32157B5B79B5}.Release|Any CPU.ActiveCfg = Release|Any CPU
		{6A48D013-99D8-7687-D464-32157B5B79B5}.Release|Any CPU.Build.0 = Release|Any CPU
		{4D1F43B2-7EE3-7FA3-3D51-ADB8F128DAF8}.Debug|Any CPU.ActiveCfg = Debug|Any CPU
		{4D1F43B2-7EE3-7FA3-3D51-ADB8F128DAF8}.Debug|Any CPU.Build.0 = Debug|Any CPU
		{4D1F43B2-7EE3-7FA3-3D51-ADB8F128DAF8}.Release|Any CPU.ActiveCfg = Release|Any CPU
		{4D1F43B2-7EE3-7FA3-3D51-ADB8F128DAF8}.Release|Any CPU.Build.0 = Release|Any CPU
		{A81573DF-6017-DA75-E9DB-1E39A50795E2}.Debug|Any CPU.ActiveCfg = Debug|Any CPU
		{A81573DF-6017-DA75-E9DB-1E39A50795E2}.Debug|Any CPU.Build.0 = Debug|Any CPU
		{A81573DF-6017-DA75-E9DB-1E39A50795E2}.Release|Any CPU.ActiveCfg = Release|Any CPU
		{A81573DF-6017-DA75-E9DB-1E39A50795E2}.Release|Any CPU.Build.0 = Release|Any CPU
		{429A0CC8-4C4F-B8E7-CFFA-D70D38430F25}.Debug|Any CPU.ActiveCfg = Debug|Any CPU
		{429A0CC8-4C4F-B8E7-CFFA-D70D38430F25}.Debug|Any CPU.Build.0 = Debug|Any CPU
		{429A0CC8-4C4F-B8E7-CFFA-D70D38430F25}.Release|Any CPU.ActiveCfg = Release|Any CPU
		{429A0CC8-4C4F-B8E7-CFFA-D70D38430F25}.Release|Any CPU.Build.0 = Release|Any CPU
		{9F72C6C1-9726-CEFD-FC0B-25ECBCEF61A6}.Debug|Any CPU.ActiveCfg = Debug|Any CPU
		{9F72C6C1-9726-CEFD-FC0B-25ECBCEF61A6}.Debug|Any CPU.Build.0 = Debug|Any CPU
		{9F72C6C1-9726-CEFD-FC0B-25ECBCEF61A6}.Release|Any CPU.ActiveCfg = Release|Any CPU
		{9F72C6C1-9726-CEFD-FC0B-25ECBCEF61A6}.Release|Any CPU.Build.0 = Release|Any CPU
	EndGlobalSection
	GlobalSection(SolutionProperties) = preSolution
		HideSolutionNode = FALSE
	EndGlobalSection
EndGlobal
